
Microsoft Visual Studio Solution File, Format Version 12.00
# Visual Studio 15
VisualStudioVersion = 15.0.28307.572
MinimumVisualStudioVersion = 10.0.40219.1
Project("{FAE04EC0-301F-11D3-BF4B-00C04F79EFBC}") = "TCC", "TCC\TCC.csproj", "{B51C431B-58FE-423E-BCCC-E7A851CAE851}"
EndProject
Project("{FAE04EC0-301F-11D3-BF4B-00C04F79EFBC}") = "Model", "Model\Model.csproj", "{7D93C07A-BD08-4668-A09B-CBA674390CA9}"
EndProject
Project("{FAE04EC0-301F-11D3-BF4B-00C04F79EFBC}") = "BusinessLayer", "BusinessLayer\BusinessLayer.csproj", "{271D1837-4E18-48FD-9F37-EF9CF000BC96}"
EndProject
Global
	GlobalSection(SolutionConfigurationPlatforms) = preSolution
		Debug|Any CPU = Debug|Any CPU
		Release|Any CPU = Release|Any CPU
	EndGlobalSection
	GlobalSection(ProjectConfigurationPlatforms) = postSolution
		{B51C431B-58FE-423E-BCCC-E7A851CAE851}.Debug|Any CPU.ActiveCfg = Debug|Any CPU
		{B51C431B-58FE-423E-BCCC-E7A851CAE851}.Debug|Any CPU.Build.0 = Debug|Any CPU
		{B51C431B-58FE-423E-BCCC-E7A851CAE851}.Release|Any CPU.ActiveCfg = Release|Any CPU
		{B51C431B-58FE-423E-BCCC-E7A851CAE851}.Release|Any CPU.Build.0 = Release|Any CPU
		{7D93C07A-BD08-4668-A09B-CBA674390CA9}.Debug|Any CPU.ActiveCfg = Debug|Any CPU
		{7D93C07A-BD08-4668-A09B-CBA674390CA9}.Debug|Any CPU.Build.0 = Debug|Any CPU
		{7D93C07A-BD08-4668-A09B-CBA674390CA9}.Release|Any CPU.ActiveCfg = Release|Any CPU
		{7D93C07A-BD08-4668-A09B-CBA674390CA9}.Release|Any CPU.Build.0 = Release|Any CPU
		{271D1837-4E18-48FD-9F37-EF9CF000BC96}.Debug|Any CPU.ActiveCfg = Debug|Any CPU
		{271D1837-4E18-48FD-9F37-EF9CF000BC96}.Debug|Any CPU.Build.0 = Debug|Any CPU
		{271D1837-4E18-48FD-9F37-EF9CF000BC96}.Release|Any CPU.ActiveCfg = Release|Any CPU
		{271D1837-4E18-48FD-9F37-EF9CF000BC96}.Release|Any CPU.Build.0 = Release|Any CPU
	EndGlobalSection
	GlobalSection(SolutionProperties) = preSolution
		HideSolutionNode = FALSE
	EndGlobalSection
	GlobalSection(ExtensibilityGlobals) = postSolution
		SolutionGuid = {F7A31096-CB64-417D-A188-6A0332CFA318}
	EndGlobalSection
EndGlobal
