
Microsoft Visual Studio Solution File, Format Version 12.00
# Visual Studio 15
VisualStudioVersion = 15.0.28307.572
MinimumVisualStudioVersion = 10.0.40219.1
Project("{FAE04EC0-301F-11D3-BF4B-00C04F79EFBC}") = "TCC", "TCC\TCC.csproj", "{B51C431B-58FE-423E-BCCC-E7A851CAE851}"
EndProject
Project("{FAE04EC0-301F-11D3-BF4B-00C04F79EFBC}") = "TCC.Entity", "TCC.Entity\TCC.Entity.csproj", "{C9F5E89C-68B1-4AB1-BE62-4281EBAB4C49}"
EndProject
Project("{FAE04EC0-301F-11D3-BF4B-00C04F79EFBC}") = "TCC.Model", "TCC.Model\TCC.Model.csproj", "{9DEC30CB-FD46-42F0-8C8B-7D008BCC0668}"
EndProject
Project("{FAE04EC0-301F-11D3-BF4B-00C04F79EFBC}") = "TCC.BusinessLayer", "TCC.BusinessLayer\TCC.BusinessLayer.csproj", "{1EF889EA-D17A-48A4-BFD9-254F7575C9F2}"
EndProject
Global
	GlobalSection(SolutionConfigurationPlatforms) = preSolution
		Debug|Any CPU = Debug|Any CPU
		Release|Any CPU = Release|Any CPU
	EndGlobalSection
	GlobalSection(ProjectConfigurationPlatforms) = postSolution
		{B51C431B-58FE-423E-BCCC-E7A851CAE851}.Debug|Any CPU.ActiveCfg = Debug|Any CPU
		{B51C431B-58FE-423E-BCCC-E7A851CAE851}.Debug|Any CPU.Build.0 = Debug|Any CPU
		{B51C431B-58FE-423E-BCCC-E7A851CAE851}.Release|Any CPU.ActiveCfg = Release|Any CPU
		{B51C431B-58FE-423E-BCCC-E7A851CAE851}.Release|Any CPU.Build.0 = Release|Any CPU
		{C9F5E89C-68B1-4AB1-BE62-4281EBAB4C49}.Debug|Any CPU.ActiveCfg = Debug|Any CPU
		{C9F5E89C-68B1-4AB1-BE62-4281EBAB4C49}.Debug|Any CPU.Build.0 = Debug|Any CPU
		{C9F5E89C-68B1-4AB1-BE62-4281EBAB4C49}.Release|Any CPU.ActiveCfg = Release|Any CPU
		{C9F5E89C-68B1-4AB1-BE62-4281EBAB4C49}.Release|Any CPU.Build.0 = Release|Any CPU
		{9DEC30CB-FD46-42F0-8C8B-7D008BCC0668}.Debug|Any CPU.ActiveCfg = Debug|Any CPU
		{9DEC30CB-FD46-42F0-8C8B-7D008BCC0668}.Debug|Any CPU.Build.0 = Debug|Any CPU
		{9DEC30CB-FD46-42F0-8C8B-7D008BCC0668}.Release|Any CPU.ActiveCfg = Release|Any CPU
		{9DEC30CB-FD46-42F0-8C8B-7D008BCC0668}.Release|Any CPU.Build.0 = Release|Any CPU
		{1EF889EA-D17A-48A4-BFD9-254F7575C9F2}.Debug|Any CPU.ActiveCfg = Debug|Any CPU
		{1EF889EA-D17A-48A4-BFD9-254F7575C9F2}.Debug|Any CPU.Build.0 = Debug|Any CPU
		{1EF889EA-D17A-48A4-BFD9-254F7575C9F2}.Release|Any CPU.ActiveCfg = Release|Any CPU
		{1EF889EA-D17A-48A4-BFD9-254F7575C9F2}.Release|Any CPU.Build.0 = Release|Any CPU
	EndGlobalSection
	GlobalSection(SolutionProperties) = preSolution
		HideSolutionNode = FALSE
	EndGlobalSection
	GlobalSection(ExtensibilityGlobals) = postSolution
		SolutionGuid = {F7A31096-CB64-417D-A188-6A0332CFA318}
	EndGlobalSection
EndGlobal
